# THIS IS AN AUTOGENERATED FILE. DO NOT EDIT THIS FILE DIRECTLY.
# yarn lockfile v1


"@openapitools/openapi-generator-cli@^0.0.9-4.0.0-beta3":
  version "0.0.9-4.0.0-beta3"
  resolved "https://registry.yarnpkg.com/@openapitools/openapi-generator-cli/-/openapi-generator-cli-0.0.9-4.0.0-beta3.tgz#9734cc8440efc825caca6ed8e1a33b9d75eee7aa"
  integrity sha512-3d1da4EweprB0FzgIbztwpLrRIzh4I0HyhHwNNlkWgDDegPCbUPrQliOYPAsQOqrymXkjsJc8gXv7egMNIZNoA==
